
Microsoft Visual Studio Solution File, Format Version 12.00
# Visual Studio Version 17
VisualStudioVersion = 17.5.002.0
MinimumVisualStudioVersion = 10.0.40219.1
Project("{9A19103F-16F7-4668-BE54-9A1E7A4F7556}") = "Caso", "Caso.csproj", "{66721005-FC28-469E-B7E0-3C923254EF7C}"
EndProject
Global
	GlobalSection(SolutionConfigurationPlatforms) = preSolution
		Debug|Any CPU = Debug|Any CPU
		Release|Any CPU = Release|Any CPU
	EndGlobalSection
	GlobalSection(ProjectConfigurationPlatforms) = postSolution
		{66721005-FC28-469E-B7E0-3C923254EF7C}.Debug|Any CPU.ActiveCfg = Debug|Any CPU
		{66721005-FC28-469E-B7E0-3C923254EF7C}.Debug|Any CPU.Build.0 = Debug|Any CPU
		{66721005-FC28-469E-B7E0-3C923254EF7C}.Release|Any CPU.ActiveCfg = Release|Any CPU
		{66721005-FC28-469E-B7E0-3C923254EF7C}.Release|Any CPU.Build.0 = Release|Any CPU
	EndGlobalSection
	GlobalSection(SolutionProperties) = preSolution
		HideSolutionNode = FALSE
	EndGlobalSection
	GlobalSection(ExtensibilityGlobals) = postSolution
		SolutionGuid = {6CB00B13-CAFE-4DEC-B426-E0815D6FD0AC}
	EndGlobalSection
EndGlobal
